
Microsoft Visual Studio Solution File, Format Version 12.00
# Visual Studio Version 17
VisualStudioVersion = 17.6.33829.357
MinimumVisualStudioVersion = 10.0.40219.1
Project("{9A19103F-16F7-4668-BE54-9A1E7A4F7556}") = "Övning 14.1", "Excercise14\Övning 14.1.csproj", "{11476B0C-9A1E-4B1A-A806-FE303BB8F9D5}"
EndProject
Project("{FAE04EC0-301F-11D3-BF4B-00C04F79EFBC}") = "Övning 14.2", "Övning 2\Övning 14.2.csproj", "{DAC17289-59A4-406E-BDE8-E215F2A8663B}"
EndProject
Global
	GlobalSection(SolutionConfigurationPlatforms) = preSolution
		Debug|Any CPU = Debug|Any CPU
		Release|Any CPU = Release|Any CPU
	EndGlobalSection
	GlobalSection(ProjectConfigurationPlatforms) = postSolution
		{11476B0C-9A1E-4B1A-A806-FE303BB8F9D5}.Debug|Any CPU.ActiveCfg = Debug|Any CPU
		{11476B0C-9A1E-4B1A-A806-FE303BB8F9D5}.Debug|Any CPU.Build.0 = Debug|Any CPU
		{11476B0C-9A1E-4B1A-A806-FE303BB8F9D5}.Release|Any CPU.ActiveCfg = Release|Any CPU
		{11476B0C-9A1E-4B1A-A806-FE303BB8F9D5}.Release|Any CPU.Build.0 = Release|Any CPU
		{DAC17289-59A4-406E-BDE8-E215F2A8663B}.Debug|Any CPU.ActiveCfg = Debug|Any CPU
		{DAC17289-59A4-406E-BDE8-E215F2A8663B}.Debug|Any CPU.Build.0 = Debug|Any CPU
		{DAC17289-59A4-406E-BDE8-E215F2A8663B}.Release|Any CPU.ActiveCfg = Release|Any CPU
		{DAC17289-59A4-406E-BDE8-E215F2A8663B}.Release|Any CPU.Build.0 = Release|Any CPU
	EndGlobalSection
	GlobalSection(SolutionProperties) = preSolution
		HideSolutionNode = FALSE
	EndGlobalSection
	GlobalSection(ExtensibilityGlobals) = postSolution
		SolutionGuid = {9F39C3D9-08DC-4594-91B4-37605D235FE1}
	EndGlobalSection
EndGlobal
